PODS:
  - Realm (10.24.2):
    - Realm/Headers (= 10.24.2)
  - Realm/Headers (10.24.2)
  - RealmSwift (10.24.2):
    - Realm (= 10.24.2)
  - SnapKit (5.0.1)

DEPENDENCIES:
  - RealmSwift (~> 10)
  - SnapKit (~> 5.0.0)

SPEC REPOS:
  trunk:
    - Realm
    - RealmSwift
    - SnapKit

SPEC CHECKSUMS:
  Realm: c8421eee9ff92b16b4f91a313b5cc695c37c1921
  RealmSwift: 10ed6fa09c36aaaff55e12afdc71802ec3ddb1c0
  SnapKit: 97b92857e3df3a0c71833cce143274bf6ef8e5eb

PODFILE CHECKSUM: fb499b1cdd5f0d489717b518092e232051f1a0c0

COCOAPODS: 1.11.3
